// !$*UTF8*$!
{
	archiveVersion = 1;
	classes = {
	};
	objectVersion = 46;
	objects = {

/* Begin PBXBuildFile section */
		B5D39EFE19FFC0D800AEC2F0 /* AppDelegate.swift in Sources */ = {isa = PBXBuildFile; fileRef = B5D39EFD19FFC0D800AEC2F0 /* AppDelegate.swift */; };
		B5D39F0019FFC0D800AEC2F0 /* ViewController.swift in Sources */ = {isa = PBXBuildFile; fileRef = B5D39EFF19FFC0D800AEC2F0 /* ViewController.swift */; };
		B5D39F0319FFC0D800AEC2F0 /* Main.storyboard in Resources */ = {isa = PBXBuildFile; fileRef = B5D39F0119FFC0D800AEC2F0 /* Main.storyboard */; };
		B5D39F0519FFC0D800AEC2F0 /* Images.xcassets in Resources */ = {isa = PBXBuildFile; fileRef = B5D39F0419FFC0D800AEC2F0 /* Images.xcassets */; };
		B5D39F0819FFC0D800AEC2F0 /* LaunchScreen.xib in Resources */ = {isa = PBXBuildFile; fileRef = B5D39F0619FFC0D800AEC2F0 /* LaunchScreen.xib */; };
		B5D39F1419FFC0D800AEC2F0 /* AutoLayoutCookBookTests.swift in Sources */ = {isa = PBXBuildFile; fileRef = B5D39F1319FFC0D800AEC2F0 /* AutoLayoutCookBookTests.swift */; };
/* End PBXBuildFile section */

/* Begin PBXContainerItemProxy section */
		B5D39F0E19FFC0D800AEC2F0 /* PBXContainerItemProxy */ = {
			isa = PBXContainerItemProxy;
			containerPortal = B5D39EF019FFC0D800AEC2F0 /* Project object */;
			proxyType = 1;
			remoteGlobalIDString = B5D39EF719FFC0D800AEC2F0;
			remoteInfo = AutoLayoutCookBook;
		};
/* End PBXContainerItemProxy section */

/* Begin PBXFileReference section */
		B5D39EF819FFC0D800AEC2F0 /* AutoLayoutCookBook.app */ = {isa = PBXFileReference; explicitFileType = wrapper.application; includeInIndex = 0; path = AutoLayoutCookBook.app; sourceTree = BUILT_PRODUCTS_DIR; };
		B5D39EFC19FFC0D800AEC2F0 /* Info.plist */ = {isa = PBXFileReference; lastKnownFileType = text.plist.xml; path = Info.plist; sourceTree = "<group>"; };
		B5D39EFD19FFC0D800AEC2F0 /* AppDelegate.swift */ = {isa = PBXFileReference; lastKnownFileType = sourcecode.swift; path = AppDelegate.swift; sourceTree = "<group>"; };
		B5D39EFF19FFC0D800AEC2F0 /* ViewController.swift */ = {isa = PBXFileReference; lastKnownFileType = sourcecode.swift; path = ViewController.swift; sourceTree = "<group>"; };
		B5D39F0219FFC0D800AEC2F0 /* Base */ = {isa = PBXFileReference; lastKnownFileType = file.storyboard; name = Base; path = Base.lproj/Main.storyboard; sourceTree = "<group>"; };
		B5D39F0419FFC0D800AEC2F0 /* Images.xcassets */ = {isa = PBXFileReference; lastKnownFileType = folder.assetcatalog; path = Images.xcassets; sourceTree = "<group>"; };
		B5D39F0719FFC0D800AEC2F0 /* Base */ = {isa = PBXFileReference; lastKnownFileType = file.xib; name = Base; path = Base.lproj/LaunchScreen.xib; sourceTree = "<group>"; };
		B5D39F0D19FFC0D800AEC2F0 /* AutoLayoutCookBookTests.xctest */ = {isa = PBXFileReference; explicitFileType = wrapper.cfbundle; includeInIndex = 0; path = AutoLayoutCookBookTests.xctest; sourceTree = BUILT_PRODUCTS_DIR; };
		B5D39F1219FFC0D800AEC2F0 /* Info.plist */ = {isa = PBXFileReference; lastKnownFileType = text.plist.xml; path = Info.plist; sourceTree = "<group>"; };
		B5D39F1319FFC0D800AEC2F0 /* AutoLayoutCookBookTests.swift */ = {isa = PBXFileReference; lastKnownFileType = sourcecode.swift; path = AutoLayoutCookBookTests.swift; sourceTree = "<group>"; };
/* End PBXFileReference section */

/* Begin PBXFrameworksBuildPhase section */
		B5D39EF519FFC0D800AEC2F0 /* Frameworks */ = {
			isa = PBXFrameworksBuildPhase;
			buildActionMask = 2147483647;
			files = (
			);
			runOnlyForDeploymentPostprocessing = 0;
		};
		B5D39F0A19FFC0D800AEC2F0 /* Frameworks */ = {
			isa = PBXFrameworksBuildPhase;
			buildActionMask = 2147483647;
			files = (
			);
			runOnlyForDeploymentPostprocessing = 0;
		};
/* End PBXFrameworksBuildPhase section */

/* Begin PBXGroup section */
		B5D39EEF19FFC0D800AEC2F0 = {
			isa = PBXGroup;
			children = (
				B5D39EFA19FFC0D800AEC2F0 /* AutoLayoutCookBook */,
				B5D39F1019FFC0D800AEC2F0 /* AutoLayoutCookBookTests */,
				B5D39EF919FFC0D800AEC2F0 /* Products */,
			);
			sourceTree = "<group>";
		};
		B5D39EF919FFC0D800AEC2F0 /* Products */ = {
			isa = PBXGroup;
			children = (
				B5D39EF819FFC0D800AEC2F0 /* AutoLayoutCookBook.app */,
				B5D39F0D19FFC0D800AEC2F0 /* AutoLayoutCookBookTests.xctest */,
			);
			name = Products;
			sourceTree = "<group>";
		};
		B5D39EFA19FFC0D800AEC2F0 /* AutoLayoutCookBook */ = {
			isa = PBXGroup;
			children = (
				B5D39EFD19FFC0D800AEC2F0 /* AppDelegate.swift */,
				B5D39EFF19FFC0D800AEC2F0 /* ViewController.swift */,
				B5D39F0119FFC0D800AEC2F0 /* Main.storyboard */,
				B5D39F0419FFC0D800AEC2F0 /* Images.xcassets */,
				B5D39F0619FFC0D800AEC2F0 /* LaunchScreen.xib */,
				B5D39EFB19FFC0D800AEC2F0 /* Supporting Files */,
			);
			path = AutoLayoutCookBook;
			sourceTree = "<group>";
		};
		B5D39EFB19FFC0D800AEC2F0 /* Supporting Files */ = {
			isa = PBXGroup;
			children = (
				B5D39EFC19FFC0D800AEC2F0 /* Info.plist */,
			);
			name = "Supporting Files";
			sourceTree = "<group>";
		};
		B5D39F1019FFC0D800AEC2F0 /* AutoLayoutCookBookTests */ = {
			isa = PBXGroup;
			children = (
				B5D39F1319FFC0D800AEC2F0 /* AutoLayoutCookBookTests.swift */,
				B5D39F1119FFC0D800AEC2F0 /* Supporting Files */,
			);
			path = AutoLayoutCookBookTests;
			sourceTree = "<group>";
		};
		B5D39F1119FFC0D800AEC2F0 /* Supporting Files */ = {
			isa = PBXGroup;
			children = (
				B5D39F1219FFC0D800AEC2F0 /* Info.plist */,
			);
			name = "Supporting Files";
			sourceTree = "<group>";
		};
/* End PBXGroup section */

/* Begin PBXNativeTarget section */
		B5D39EF719FFC0D800AEC2F0 /* AutoLayoutCookBook */ = {
			isa = PBXNativeTarget;
			buildConfigurationList = B5D39F1719FFC0D800AEC2F0 /* Build configuration list for PBXNativeTarget "AutoLayoutCookBook" */;
			buildPhases = (
				B5D39EF419FFC0D800AEC2F0 /* Sources */,
				B5D39EF519FFC0D800AEC2F0 /* Frameworks */,
				B5D39EF619FFC0D800AEC2F0 /* Resources */,
			);
			buildRules = (
			);
			dependencies = (
			);
			name = AutoLayoutCookBook;
			productName = AutoLayoutCookBook;
			productReference = B5D39EF819FFC0D800AEC2F0 /* AutoLayoutCookBook.app */;
			productType = "com.apple.product-type.application";
		};
		B5D39F0C19FFC0D800AEC2F0 /* AutoLayoutCookBookTests */ = {
			isa = PBXNativeTarget;
			buildConfigurationList = B5D39F1A19FFC0D800AEC2F0 /* Build configuration list for PBXNativeTarget "AutoLayoutCookBookTests" */;
			buildPhases = (
				B5D39F0919FFC0D800AEC2F0 /* Sources */,
				B5D39F0A19FFC0D800AEC2F0 /* Frameworks */,
				B5D39F0B19FFC0D800AEC2F0 /* Resources */,
			);
			buildRules = (
			);
			dependencies = (
				B5D39F0F19FFC0D800AEC2F0 /* PBXTargetDependency */,
			);
			name = AutoLayoutCookBookTests;
			productName = AutoLayoutCookBookTests;
			productReference = B5D39F0D19FFC0D800AEC2F0 /* AutoLayoutCookBookTests.xctest */;
			productType = "com.apple.product-type.bundle.unit-test";
		};
/* End PBXNativeTarget section */

/* Begin PBXProject section */
		B5D39EF019FFC0D800AEC2F0 /* Project object */ = {
			isa = PBXProject;
			attributes = {
				LastUpgradeCheck = 0610;
				ORGANIZATIONNAME = Test;
				TargetAttributes = {
					B5D39EF719FFC0D800AEC2F0 = {
						CreatedOnToolsVersion = 6.1;
					};
					B5D39F0C19FFC0D800AEC2F0 = {
						CreatedOnToolsVersion = 6.1;
						TestTargetID = B5D39EF719FFC0D800AEC2F0;
					};
				};
			};
			buildConfigurationList = B5D39EF319FFC0D800AEC2F0 /* Build configuration list for PBXProject "AutoLayoutCookBook" */;
			compatibilityVersion = "Xcode 3.2";
			developmentRegion = English;
			hasScannedForEncodings = 0;
			knownRegions = (
				en,
				Base,
			);
			mainGroup = B5D39EEF19FFC0D800AEC2F0;
			productRefGroup = B5D39EF919FFC0D800AEC2F0 /* Products */;
			projectDirPath = "";
			projectRoot = "";
			targets = (
				B5D39EF719FFC0D800AEC2F0 /* AutoLayoutCookBook */,
				B5D39F0C19FFC0D800AEC2F0 /* AutoLayoutCookBookTests */,
			);
		};
/* End PBXProject section */

/* Begin PBXResourcesBuildPhase section */
		B5D39EF619FFC0D800AEC2F0 /* Resources */ = {
			isa = PBXResourcesBuildPhase;
			buildActionMask = 2147483647;
			files = (
				B5D39F0319FFC0D800AEC2F0 /* Main.storyboard in Resources */,
				B5D39F0819FFC0D800AEC2F0 /* LaunchScreen.xib in Resources */,
				B5D39F0519FFC0D800AEC2F0 /* Images.xcassets in Resources */,
			);
			runOnlyForDeploymentPostprocessing = 0;
		};
		B5D39F0B19FFC0D800AEC2F0 /* Resources */ = {
			isa = PBXResourcesBuildPhase;
			buildActionMask = 2147483647;
			files = (
			);
			runOnlyForDeploymentPostprocessing = 0;
		};
/* End PBXResourcesBuildPhase section */

/* Begin PBXSourcesBuildPhase section */
		B5D39EF419FFC0D800AEC2F0 /* Sources */ = {
			isa = PBXSourcesBuildPhase;
			buildActionMask = 2147483647;
			files = (
				B5D39F0019FFC0D800AEC2F0 /* ViewController.swift in Sources */,
				B5D39EFE19FFC0D800AEC2F0 /* AppDelegate.swift in Sources */,
			);
			runOnlyForDeploymentPostprocessing = 0;
		};
		B5D39F0919FFC0D800AEC2F0 /* Sources */ = {
			isa = PBXSourcesBuildPhase;
			buildActionMask = 2147483647;
			files = (
				B5D39F1419FFC0D800AEC2F0 /* AutoLayoutCookBookTests.swift in Sources */,
			);
			runOnlyForDeploymentPostprocessing = 0;
		};
/* End PBXSourcesBuildPhase section */

/* Begin PBXTargetDependency section */
		B5D39F0F19FFC0D800AEC2F0 /* PBXTargetDependency */ = {
			isa = PBXTargetDependency;
			target = B5D39EF719FFC0D800AEC2F0 /* AutoLayoutCookBook */;
			targetProxy = B5D39F0E19FFC0D800AEC2F0 /* PBXContainerItemProxy */;
		};
/* End PBXTargetDependency section */

/* Begin PBXVariantGroup section */
		B5D39F0119FFC0D800AEC2F0 /* Main.storyboard */ = {
			isa = PBXVariantGroup;
			children = (
				B5D39F0219FFC0D800AEC2F0 /* Base */,
			);
			name = Main.storyboard;
			sourceTree = "<group>";
		};
		B5D39F0619FFC0D800AEC2F0 /* LaunchScreen.xib */ = {
			isa = PBXVariantGroup;
			children = (
				B5D39F0719FFC0D800AEC2F0 /* Base */,
			);
			name = LaunchScreen.xib;
			sourceTree = "<group>";
		};
/* End PBXVariantGroup section */

/* Begin XCBuildConfiguration section */
		B5D39F1519FFC0D800AEC2F0 /* Debug */ = {
			isa = XCBuildConfiguration;
			buildSettings = {
				ALWAYS_SEARCH_USER_PATHS = NO;
				CLANG_CXX_LANGUAGE_STANDARD = "gnu++0x";
				CLANG_CXX_LIBRARY = "libc++";
				CLANG_ENABLE_MODULES = YES;
				CLANG_ENABLE_OBJC_ARC = YES;
				CLANG_WARN_BOOL_CONVERSION = YES;
				CLANG_WARN_CONSTANT_CONVERSION = YES;
				CLANG_WARN_DIRECT_OBJC_ISA_USAGE = YES_ERROR;
				CLANG_WARN_EMPTY_BODY = YES;
				CLANG_WARN_ENUM_CONVERSION = YES;
				CLANG_WARN_INT_CONVERSION = YES;
				CLANG_WARN_OBJC_ROOT_CLASS = YES_ERROR;
				CLANG_WARN_UNREACHABLE_CODE = YES;
				CLANG_WARN__DUPLICATE_METHOD_MATCH = YES;
				"CODE_SIGN_IDENTITY[sdk=iphoneos*]" = "iPhone Developer";
				COPY_PHASE_STRIP = NO;
				ENABLE_STRICT_OBJC_MSGSEND = YES;
				GCC_C_LANGUAGE_STANDARD = gnu99;
				GCC_DYNAMIC_NO_PIC = NO;
				GCC_OPTIMIZATION_LEVEL = 0;
				GCC_PREPROCESSOR_DEFINITIONS = (
					"DEBUG=1",
					"$(inherited)",
				);
				GCC_SYMBOLS_PRIVATE_EXTERN = NO;
				GCC_WARN_64_TO_32_BIT_CONVERSION = YES;
				GCC_WARN_ABOUT_RETURN_TYPE = YES_ERROR;
				GCC_WARN_UNDECLARED_SELECTOR = YES;
				GCC_WARN_UNINITIALIZED_AUTOS = YES_AGGRESSIVE;
				GCC_WARN_UNUSED_FUNCTION = YES;
				GCC_WARN_UNUSED_VARIABLE = YES;
				IPHONEOS_DEPLOYMENT_TARGET = 8.1;
				MTL_ENABLE_DEBUG_INFO = YES;
				ONLY_ACTIVE_ARCH = YES;
				SDKROOT = iphoneos;
				SWIFT_OPTIMIZATION_LEVEL = "-Onone";
				TARGETED_DEVICE_FAMILY = "1,2";
			};
			name = Debug;
		};
		B5D39F1619FFC0D800AEC2F0 /* Release */ = {
			isa = XCBuildConfiguration;
			buildSettings = {
				ALWAYS_SEARCH_USER_PATHS = NO;
				CLANG_CXX_LANGUAGE_STANDARD = "gnu++0x";
				CLANG_CXX_LIBRARY = "libc++";
				CLANG_ENABLE_MODULES = YES;
				CLANG_ENABLE_OBJC_ARC = YES;
				CLANG_WARN_BOOL_CONVERSION = YES;
				CLANG_WARN_CONSTANT_CONVERSION = YES;
				CLANG_WARN_DIRECT_OBJC_ISA_USAGE = YES_ERROR;
				CLANG_WARN_EMPTY_BODY = YES;
				CLANG_WARN_ENUM_CONVERSION = YES;
				CLANG_WARN_INT_CONVERSION = YES;
				CLANG_WARN_OBJC_ROOT_CLASS = YES_ERROR;
				CLANG_WARN_UNREACHABLE_CODE = YES;
				CLANG_WARN__DUPLICATE_METHOD_MATCH = YES;
				"CODE_SIGN_IDENTITY[sdk=iphoneos*]" = "iPhone Developer";
				COPY_PHASE_STRIP = YES;
				ENABLE_NS_ASSERTIONS = NO;
				ENABLE_STRICT_OBJC_MSGSEND = YES;
				GCC_C_LANGUAGE_STANDARD = gnu99;
				GCC_WARN_64_TO_32_BIT_CONVERSION = YES;
				GCC_WARN_ABOUT_RETURN_TYPE = YES_ERROR;
				GCC_WARN_UNDECLARED_SELECTOR = YES;
				GCC_WARN_UNINITIALIZED_AUTOS = YES_AGGRESSIVE;
				GCC_WARN_UNUSED_FUNCTION = YES;
				GCC_WARN_UNUSED_VARIABLE = YES;
				IPHONEOS_DEPLOYMENT_TARGET = 8.1;
				MTL_ENABLE_DEBUG_INFO = NO;
				SDKROOT = iphoneos;
				TARGETED_DEVICE_FAMILY = "1,2";
				VALIDATE_PRODUCT = YES;
			};
			name = Release;
		};
		B5D39F1819FFC0D800AEC2F0 /* Debug */ = {
			isa = XCBuildConfiguration;
			buildSettings = {
				ASSETCATALOG_COMPILER_APPICON_NAME = AppIcon;
				INFOPLIST_FILE = AutoLayoutCookBook/Info.plist;
				LD_RUNPATH_SEARCH_PATHS = "$(inherited) @executable_path/Frameworks";
				PRODUCT_NAME = "$(TARGET_NAME)";
			};
			name = Debug;
		};
		B5D39F1919FFC0D800AEC2F0 /* Release */ = {
			isa = XCBuildConfiguration;
			buildSettings = {
				ASSETCATALOG_COMPILER_APPICON_NAME = AppIcon;
				INFOPLIST_FILE = AutoLayoutCookBook/Info.plist;
				LD_RUNPATH_SEARCH_PATHS = "$(inherited) @executable_path/Frameworks";
				PRODUCT_NAME = "$(TARGET_NAME)";
			};
			name = Release;
		};
		B5D39F1B19FFC0D800AEC2F0 /* Debug */ = {
			isa = XCBuildConfiguration;
			buildSettings = {
				BUNDLE_LOADER = "$(TEST_HOST)";
				FRAMEWORK_SEARCH_PATHS = (
					"$(SDKROOT)/Developer/Library/Frameworks",
					"$(inherited)",
				);
				GCC_PREPROCESSOR_DEFINITIONS = (
					"DEBUG=1",
					"$(inherited)",
				);
				INFOPLIST_FILE = AutoLayoutCookBookTests/Info.plist;
				LD_RUNPATH_SEARCH_PATHS = "$(inherited) @executable_path/Frameworks @loader_path/Frameworks";
				PRODUCT_NAME = "$(TARGET_NAME)";
				TEST_HOST = "$(BUILT_PRODUCTS_DIR)/AutoLayoutCookBook.app/AutoLayoutCookBook";
			};
			name = Debug;
		};
		B5D39F1C19FFC0D800AEC2F0 /* Release */ = {
			isa = XCBuildConfiguration;
			buildSettings = {
				BUNDLE_LOADER = "$(TEST_HOST)";
				FRAMEWORK_SEARCH_PATHS = (
					"$(SDKROOT)/Developer/Library/Frameworks",
					"$(inherited)",
				);
				INFOPLIST_FILE = AutoLayoutCookBookTests/Info.plist;
				LD_RUNPATH_SEARCH_PATHS = "$(inherited) @executable_path/Frameworks @loader_path/Frameworks";
				PRODUCT_NAME = "$(TARGET_NAME)";
				TEST_HOST = "$(BUILT_PRODUCTS_DIR)/AutoLayoutCookBook.app/AutoLayoutCookBook";
			};
			name = Release;
		};
/* End XCBuildConfiguration section */

/* Begin XCConfigurationList section */
		B5D39EF319FFC0D800AEC2F0 /* Build configuration list for PBXProject "AutoLayoutCookBook" */ = {
			isa = XCConfigurationList;
			buildConfigurations = (
				B5D39F1519FFC0D800AEC2F0 /* Debug */,
				B5D39F1619FFC0D800AEC2F0 /* Release */,
			);
			defaultConfigurationIsVisible = 0;
			defaultConfigurationName = Release;
		};
		B5D39F1719FFC0D800AEC2F0 /* Build configuration list for PBXNativeTarget "AutoLayoutCookBook" */ = {
			isa = XCConfigurationList;
			buildConfigurations = (
				B5D39F1819FFC0D800AEC2F0 /* Debug */,
				B5D39F1919FFC0D800AEC2F0 /* Release */,
			);
			defaultConfigurationIsVisible = 0;
		};
		B5D39F1A19FFC0D800AEC2F0 /* Build configuration list for PBXNativeTarget "AutoLayoutCookBookTests" */ = {
			isa = XCConfigurationList;
			buildConfigurations = (
				B5D39F1B19FFC0D800AEC2F0 /* Debug */,
				B5D39F1C19FFC0D800AEC2F0 /* Release */,
			);
			defaultConfigurationIsVisible = 0;
		};
/* End XCConfigurationList section */
	};
	rootObject = B5D39EF019FFC0D800AEC2F0 /* Project object */;
}
